
Microsoft Visual Studio Solution File, Format Version 12.00
# Visual Studio Version 17
VisualStudioVersion = 17.12.35521.163
MinimumVisualStudioVersion = 10.0.40219.1
Project("{FAE04EC0-301F-11D3-BF4B-00C04F79EFBC}") = "PracticeProject.WebAPI", "PracticeProject\PracticeProject.WebAPI.csproj", "{D4111819-7D9E-46C9-A726-A13C88A2AE64}"
EndProject
Project("{FAE04EC0-301F-11D3-BF4B-00C04F79EFBC}") = "PracticeProject.Core", "PracticeProject.Core\PracticeProject.Core.csproj", "{E6BBEE82-C7AD-4EDE-8294-25E5D6D1C181}"
EndProject
Project("{FAE04EC0-301F-11D3-BF4B-00C04F79EFBC}") = "PracticeProject.Infrastructure", "PracticeProject.Infrastructure\PracticeProject.Infrastructure.csproj", "{C2313413-A557-460E-A91D-DA89DA9495AF}"
EndProject
Project("{2150E333-8FDC-42A3-9474-1A3956D46DE8}") = "Tests", "Tests", "{5C427D68-1618-4309-8C34-3CBC69FAA8F5}"
EndProject
Project("{FAE04EC0-301F-11D3-BF4B-00C04F79EFBC}") = "PracticeProject.ServiceTests", "PracticeProject.ServiceTests\PracticeProject.ServiceTests.csproj", "{CC0E933E-9970-4BC1-ABF3-7C4C0138F376}"
EndProject
Project("{FAE04EC0-301F-11D3-BF4B-00C04F79EFBC}") = "PracticeProject.IntegrationTests", "PracticeProject.IntegrationTests\PracticeProject.IntegrationTests.csproj", "{2A2A26E2-9214-4F5E-B51D-856C10180C93}"
EndProject
Global
	GlobalSection(SolutionConfigurationPlatforms) = preSolution
		Debug|Any CPU = Debug|Any CPU
		Release|Any CPU = Release|Any CPU
	EndGlobalSection
	GlobalSection(ProjectConfigurationPlatforms) = postSolution
		{D4111819-7D9E-46C9-A726-A13C88A2AE64}.Debug|Any CPU.ActiveCfg = Debug|Any CPU
		{D4111819-7D9E-46C9-A726-A13C88A2AE64}.Debug|Any CPU.Build.0 = Debug|Any CPU
		{D4111819-7D9E-46C9-A726-A13C88A2AE64}.Release|Any CPU.ActiveCfg = Release|Any CPU
		{D4111819-7D9E-46C9-A726-A13C88A2AE64}.Release|Any CPU.Build.0 = Release|Any CPU
		{E6BBEE82-C7AD-4EDE-8294-25E5D6D1C181}.Debug|Any CPU.ActiveCfg = Debug|Any CPU
		{E6BBEE82-C7AD-4EDE-8294-25E5D6D1C181}.Debug|Any CPU.Build.0 = Debug|Any CPU
		{E6BBEE82-C7AD-4EDE-8294-25E5D6D1C181}.Release|Any CPU.ActiveCfg = Release|Any CPU
		{E6BBEE82-C7AD-4EDE-8294-25E5D6D1C181}.Release|Any CPU.Build.0 = Release|Any CPU
		{C2313413-A557-460E-A91D-DA89DA9495AF}.Debug|Any CPU.ActiveCfg = Debug|Any CPU
		{C2313413-A557-460E-A91D-DA89DA9495AF}.Debug|Any CPU.Build.0 = Debug|Any CPU
		{C2313413-A557-460E-A91D-DA89DA9495AF}.Release|Any CPU.ActiveCfg = Release|Any CPU
		{C2313413-A557-460E-A91D-DA89DA9495AF}.Release|Any CPU.Build.0 = Release|Any CPU
		{CC0E933E-9970-4BC1-ABF3-7C4C0138F376}.Debug|Any CPU.ActiveCfg = Debug|Any CPU
		{CC0E933E-9970-4BC1-ABF3-7C4C0138F376}.Debug|Any CPU.Build.0 = Debug|Any CPU
		{CC0E933E-9970-4BC1-ABF3-7C4C0138F376}.Release|Any CPU.ActiveCfg = Release|Any CPU
		{CC0E933E-9970-4BC1-ABF3-7C4C0138F376}.Release|Any CPU.Build.0 = Release|Any CPU
		{2A2A26E2-9214-4F5E-B51D-856C10180C93}.Debug|Any CPU.ActiveCfg = Debug|Any CPU
		{2A2A26E2-9214-4F5E-B51D-856C10180C93}.Debug|Any CPU.Build.0 = Debug|Any CPU
		{2A2A26E2-9214-4F5E-B51D-856C10180C93}.Release|Any CPU.ActiveCfg = Release|Any CPU
		{2A2A26E2-9214-4F5E-B51D-856C10180C93}.Release|Any CPU.Build.0 = Release|Any CPU
	EndGlobalSection
	GlobalSection(SolutionProperties) = preSolution
		HideSolutionNode = FALSE
	EndGlobalSection
	GlobalSection(NestedProjects) = preSolution
		{CC0E933E-9970-4BC1-ABF3-7C4C0138F376} = {5C427D68-1618-4309-8C34-3CBC69FAA8F5}
		{2A2A26E2-9214-4F5E-B51D-856C10180C93} = {5C427D68-1618-4309-8C34-3CBC69FAA8F5}
	EndGlobalSection
EndGlobal
